
Microsoft Visual Studio Solution File, Format Version 12.00
# Visual Studio Version 17
VisualStudioVersion = 17.3.32929.385
MinimumVisualStudioVersion = 10.0.40219.1
Project("{FAE04EC0-301F-11D3-BF4B-00C04F79EFBC}") = "Friday.API", "Friday.API\Friday.API.csproj", "{E6C1757E-3CEB-4DAB-B671-E8AC0ACFF0FA}"
	ProjectSection(ProjectDependencies) = postProject
		{4074A385-1B6F-4E5F-A30B-B892933E1335} = {4074A385-1B6F-4E5F-A30B-B892933E1335}
	EndProjectSection
EndProject
Project("{FAE04EC0-301F-11D3-BF4B-00C04F79EFBC}") = "Friday.Repository", "Friday.Repository\Friday.Repository.csproj", "{4074A385-1B6F-4E5F-A30B-B892933E1335}"
EndProject
Global
	GlobalSection(SolutionConfigurationPlatforms) = preSolution
		Debug|Any CPU = Debug|Any CPU
		Release|Any CPU = Release|Any CPU
	EndGlobalSection
	GlobalSection(ProjectConfigurationPlatforms) = postSolution
		{E6C1757E-3CEB-4DAB-B671-E8AC0ACFF0FA}.Debug|Any CPU.ActiveCfg = Debug|Any CPU
		{E6C1757E-3CEB-4DAB-B671-E8AC0ACFF0FA}.Debug|Any CPU.Build.0 = Debug|Any CPU
		{E6C1757E-3CEB-4DAB-B671-E8AC0ACFF0FA}.Release|Any CPU.ActiveCfg = Release|Any CPU
		{E6C1757E-3CEB-4DAB-B671-E8AC0ACFF0FA}.Release|Any CPU.Build.0 = Release|Any CPU
		{4074A385-1B6F-4E5F-A30B-B892933E1335}.Debug|Any CPU.ActiveCfg = Debug|Any CPU
		{4074A385-1B6F-4E5F-A30B-B892933E1335}.Debug|Any CPU.Build.0 = Debug|Any CPU
		{4074A385-1B6F-4E5F-A30B-B892933E1335}.Release|Any CPU.ActiveCfg = Release|Any CPU
		{4074A385-1B6F-4E5F-A30B-B892933E1335}.Release|Any CPU.Build.0 = Release|Any CPU
	EndGlobalSection
	GlobalSection(SolutionProperties) = preSolution
		HideSolutionNode = FALSE
	EndGlobalSection
	GlobalSection(ExtensibilityGlobals) = postSolution
		SolutionGuid = {B8EC2614-562F-4932-AAA9-78D0BA8970E0}
	EndGlobalSection
EndGlobal
